
Microsoft Visual Studio Solution File, Format Version 12.00
# Visual Studio 15
VisualStudioVersion = 15.0.28010.2026
MinimumVisualStudioVersion = 10.0.40219.1
Project("{FAE04EC0-301F-11D3-BF4B-00C04F79EFBC}") = "Minimum Swaps 2", "Minimum Swaps 2\Minimum Swaps 2.csproj", "{C4C9AC21-7F89-449E-B381-758474B49F9F}"
EndProject
Global
	GlobalSection(SolutionConfigurationPlatforms) = preSolution
		Debug|Any CPU = Debug|Any CPU
		Release|Any CPU = Release|Any CPU
	EndGlobalSection
	GlobalSection(ProjectConfigurationPlatforms) = postSolution
		{C4C9AC21-7F89-449E-B381-758474B49F9F}.Debug|Any CPU.ActiveCfg = Debug|Any CPU
		{C4C9AC21-7F89-449E-B381-758474B49F9F}.Debug|Any CPU.Build.0 = Debug|Any CPU
		{C4C9AC21-7F89-449E-B381-758474B49F9F}.Release|Any CPU.ActiveCfg = Release|Any CPU
		{C4C9AC21-7F89-449E-B381-758474B49F9F}.Release|Any CPU.Build.0 = Release|Any CPU
	EndGlobalSection
	GlobalSection(SolutionProperties) = preSolution
		HideSolutionNode = FALSE
	EndGlobalSection
	GlobalSection(ExtensibilityGlobals) = postSolution
		SolutionGuid = {6FDB57EB-B7E3-4183-9051-F38A3588F8FD}
	EndGlobalSection
EndGlobal
