
Microsoft Visual Studio Solution File, Format Version 12.00
# Visual Studio 15
VisualStudioVersion = 15.0.27004.2009
MinimumVisualStudioVersion = 10.0.40219.1
Project("{FAE04EC0-301F-11D3-BF4B-00C04F79EFBC}") = "The Coin Change Problem", "The Coin Change Problem\The Coin Change Problem.csproj", "{EC1D6352-479E-455B-A5DD-BDBB79EA7653}"
EndProject
Global
	GlobalSection(SolutionConfigurationPlatforms) = preSolution
		Debug|Any CPU = Debug|Any CPU
		Release|Any CPU = Release|Any CPU
	EndGlobalSection
	GlobalSection(ProjectConfigurationPlatforms) = postSolution
		{EC1D6352-479E-455B-A5DD-BDBB79EA7653}.Debug|Any CPU.ActiveCfg = Debug|Any CPU
		{EC1D6352-479E-455B-A5DD-BDBB79EA7653}.Debug|Any CPU.Build.0 = Debug|Any CPU
		{EC1D6352-479E-455B-A5DD-BDBB79EA7653}.Release|Any CPU.ActiveCfg = Release|Any CPU
		{EC1D6352-479E-455B-A5DD-BDBB79EA7653}.Release|Any CPU.Build.0 = Release|Any CPU
	EndGlobalSection
	GlobalSection(SolutionProperties) = preSolution
		HideSolutionNode = FALSE
	EndGlobalSection
	GlobalSection(ExtensibilityGlobals) = postSolution
		SolutionGuid = {3D1F0E4F-7DB2-4895-87BB-C40317F5F766}
	EndGlobalSection
EndGlobal
