
Microsoft Visual Studio Solution File, Format Version 12.00
# Visual Studio 15
VisualStudioVersion = 15.0.27703.2026
MinimumVisualStudioVersion = 10.0.40219.1
Project("{FAE04EC0-301F-11D3-BF4B-00C04F79EFBC}") = "Fraudulent Notifications", "Fraudulent Notifications\Fraudulent Notifications.csproj", "{DA6E06DC-0D9D-44AA-9120-650166BFBC28}"
EndProject
Global
	GlobalSection(SolutionConfigurationPlatforms) = preSolution
		Debug|Any CPU = Debug|Any CPU
		Release|Any CPU = Release|Any CPU
	EndGlobalSection
	GlobalSection(ProjectConfigurationPlatforms) = postSolution
		{DA6E06DC-0D9D-44AA-9120-650166BFBC28}.Debug|Any CPU.ActiveCfg = Debug|Any CPU
		{DA6E06DC-0D9D-44AA-9120-650166BFBC28}.Debug|Any CPU.Build.0 = Debug|Any CPU
		{DA6E06DC-0D9D-44AA-9120-650166BFBC28}.Release|Any CPU.ActiveCfg = Release|Any CPU
		{DA6E06DC-0D9D-44AA-9120-650166BFBC28}.Release|Any CPU.Build.0 = Release|Any CPU
	EndGlobalSection
	GlobalSection(SolutionProperties) = preSolution
		HideSolutionNode = FALSE
	EndGlobalSection
	GlobalSection(ExtensibilityGlobals) = postSolution
		SolutionGuid = {BE7513AE-1DFE-4B0C-9527-3240775A4A39}
	EndGlobalSection
EndGlobal
