
Microsoft Visual Studio Solution File, Format Version 12.00
# Visual Studio 15
VisualStudioVersion = 15.0.27004.2009
MinimumVisualStudioVersion = 10.0.40219.1
Project("{FAE04EC0-301F-11D3-BF4B-00C04F79EFBC}") = "Ice Cream Parlor", "Ice Cream Parlor\Ice Cream Parlor.csproj", "{A17BF95D-7150-47FE-A942-144BB60E4457}"
EndProject
Global
	GlobalSection(SolutionConfigurationPlatforms) = preSolution
		Debug|Any CPU = Debug|Any CPU
		Release|Any CPU = Release|Any CPU
	EndGlobalSection
	GlobalSection(ProjectConfigurationPlatforms) = postSolution
		{A17BF95D-7150-47FE-A942-144BB60E4457}.Debug|Any CPU.ActiveCfg = Debug|Any CPU
		{A17BF95D-7150-47FE-A942-144BB60E4457}.Debug|Any CPU.Build.0 = Debug|Any CPU
		{A17BF95D-7150-47FE-A942-144BB60E4457}.Release|Any CPU.ActiveCfg = Release|Any CPU
		{A17BF95D-7150-47FE-A942-144BB60E4457}.Release|Any CPU.Build.0 = Release|Any CPU
	EndGlobalSection
	GlobalSection(SolutionProperties) = preSolution
		HideSolutionNode = FALSE
	EndGlobalSection
	GlobalSection(ExtensibilityGlobals) = postSolution
		SolutionGuid = {8727B524-9964-4CF3-A28A-40B425843ECB}
	EndGlobalSection
EndGlobal
