
Microsoft Visual Studio Solution File, Format Version 12.00
# Visual Studio 15
VisualStudioVersion = 15.0.27703.2026
MinimumVisualStudioVersion = 10.0.40219.1
Project("{FAE04EC0-301F-11D3-BF4B-00C04F79EFBC}") = "2D Array - DS", "2D Array - DS\2D Array - DS.csproj", "{A27B0B75-1664-440A-BAB3-FC2F353A614E}"
EndProject
Global
	GlobalSection(SolutionConfigurationPlatforms) = preSolution
		Debug|Any CPU = Debug|Any CPU
		Release|Any CPU = Release|Any CPU
	EndGlobalSection
	GlobalSection(ProjectConfigurationPlatforms) = postSolution
		{A27B0B75-1664-440A-BAB3-FC2F353A614E}.Debug|Any CPU.ActiveCfg = Debug|Any CPU
		{A27B0B75-1664-440A-BAB3-FC2F353A614E}.Debug|Any CPU.Build.0 = Debug|Any CPU
		{A27B0B75-1664-440A-BAB3-FC2F353A614E}.Release|Any CPU.ActiveCfg = Release|Any CPU
		{A27B0B75-1664-440A-BAB3-FC2F353A614E}.Release|Any CPU.Build.0 = Release|Any CPU
	EndGlobalSection
	GlobalSection(SolutionProperties) = preSolution
		HideSolutionNode = FALSE
	EndGlobalSection
	GlobalSection(ExtensibilityGlobals) = postSolution
		SolutionGuid = {7CD203B8-9B2F-46F9-8CDF-69B4B8796EBC}
	EndGlobalSection
EndGlobal
